
Microsoft Visual Studio Solution File, Format Version 12.00
# Visual Studio Version 16
VisualStudioVersion = 16.0.30611.23
MinimumVisualStudioVersion = 10.0.40219.1
Project("{FAE04EC0-301F-11D3-BF4B-00C04F79EFBC}") = "WebChatSignalr", "WebChatSignalr\WebChatSignalr.csproj", "{F4432570-8D75-42D0-AB10-E025B4A92DAD}"
EndProject
Global
	GlobalSection(SolutionConfigurationPlatforms) = preSolution
		Debug|Any CPU = Debug|Any CPU
		Release|Any CPU = Release|Any CPU
	EndGlobalSection
	GlobalSection(ProjectConfigurationPlatforms) = postSolution
		{F4432570-8D75-42D0-AB10-E025B4A92DAD}.Debug|Any CPU.ActiveCfg = Debug|Any CPU
		{F4432570-8D75-42D0-AB10-E025B4A92DAD}.Debug|Any CPU.Build.0 = Debug|Any CPU
		{F4432570-8D75-42D0-AB10-E025B4A92DAD}.Release|Any CPU.ActiveCfg = Release|Any CPU
		{F4432570-8D75-42D0-AB10-E025B4A92DAD}.Release|Any CPU.Build.0 = Release|Any CPU
	EndGlobalSection
	GlobalSection(SolutionProperties) = preSolution
		HideSolutionNode = FALSE
	EndGlobalSection
	GlobalSection(ExtensibilityGlobals) = postSolution
		SolutionGuid = {00DE7922-C6E3-4FC5-8529-13AF3C9B676B}
	EndGlobalSection
EndGlobal
